// !$*UTF8*$!
{
	archiveVersion = 1;
	classes = {
	};
	objectVersion = 50;
	objects = {

/* Begin PBXBuildFile section */
		CB53E3E4239E4A9D00610BC1 /* main.m in Sources */ = {isa = PBXBuildFile; fileRef = CB53E3E3239E4A9D00610BC1 /* main.m */; };
		CB53E3FB239E4CED00610BC1 /* Factory.m in Sources */ = {isa = PBXBuildFile; fileRef = CB53E3F4239E4CED00610BC1 /* Factory.m */; };
		CB53E3FC239E4CED00610BC1 /* ConcreteProductB.m in Sources */ = {isa = PBXBuildFile; fileRef = CB53E3F6239E4CED00610BC1 /* ConcreteProductB.m */; };
		CB53E3FD239E4CED00610BC1 /* ConcreteProductA.m in Sources */ = {isa = PBXBuildFile; fileRef = CB53E3F7239E4CED00610BC1 /* ConcreteProductA.m */; };
/* End PBXBuildFile section */

/* Begin PBXCopyFilesBuildPhase section */
		CB53E3DE239E4A9D00610BC1 /* CopyFiles */ = {
			isa = PBXCopyFilesBuildPhase;
			buildActionMask = 2147483647;
			dstPath = /usr/share/man/man1/;
			dstSubfolderSpec = 0;
			files = (
			);
			runOnlyForDeploymentPostprocessing = 1;
		};
/* End PBXCopyFilesBuildPhase section */

/* Begin PBXFileReference section */
		CB53E3E0239E4A9D00610BC1 /* SimpleFactoryPattern */ = {isa = PBXFileReference; explicitFileType = "compiled.mach-o.executable"; includeInIndex = 0; path = SimpleFactoryPattern; sourceTree = BUILT_PRODUCTS_DIR; };
		CB53E3E3239E4A9D00610BC1 /* main.m */ = {isa = PBXFileReference; lastKnownFileType = sourcecode.c.objc; path = main.m; sourceTree = "<group>"; };
		CB53E3F3239E4CED00610BC1 /* Product.h */ = {isa = PBXFileReference; fileEncoding = 4; lastKnownFileType = sourcecode.c.h; path = Product.h; sourceTree = "<group>"; };
		CB53E3F4239E4CED00610BC1 /* Factory.m */ = {isa = PBXFileReference; fileEncoding = 4; lastKnownFileType = sourcecode.c.objc; path = Factory.m; sourceTree = "<group>"; };
		CB53E3F6239E4CED00610BC1 /* ConcreteProductB.m */ = {isa = PBXFileReference; fileEncoding = 4; lastKnownFileType = sourcecode.c.objc; path = ConcreteProductB.m; sourceTree = "<group>"; };
		CB53E3F7239E4CED00610BC1 /* ConcreteProductA.m */ = {isa = PBXFileReference; fileEncoding = 4; lastKnownFileType = sourcecode.c.objc; path = ConcreteProductA.m; sourceTree = "<group>"; };
		CB53E3F8239E4CED00610BC1 /* ConcreteProductB.h */ = {isa = PBXFileReference; fileEncoding = 4; lastKnownFileType = sourcecode.c.h; path = ConcreteProductB.h; sourceTree = "<group>"; };
		CB53E3F9239E4CED00610BC1 /* ConcreteProductA.h */ = {isa = PBXFileReference; fileEncoding = 4; lastKnownFileType = sourcecode.c.h; path = ConcreteProductA.h; sourceTree = "<group>"; };
		CB53E3FA239E4CED00610BC1 /* Factory.h */ = {isa = PBXFileReference; fileEncoding = 4; lastKnownFileType = sourcecode.c.h; path = Factory.h; sourceTree = "<group>"; };
/* End PBXFileReference section */

/* Begin PBXFrameworksBuildPhase section */
		CB53E3DD239E4A9D00610BC1 /* Frameworks */ = {
			isa = PBXFrameworksBuildPhase;
			buildActionMask = 2147483647;
			files = (
			);
			runOnlyForDeploymentPostprocessing = 0;
		};
/* End PBXFrameworksBuildPhase section */

/* Begin PBXGroup section */
		CB53E3D7239E4A9D00610BC1 = {
			isa = PBXGroup;
			children = (
				CB53E3F2239E4CED00610BC1 /* Lib */,
				CB53E3E2239E4A9D00610BC1 /* SimpleFactoryPattern */,
				CB53E3E1239E4A9D00610BC1 /* Products */,
			);
			sourceTree = "<group>";
		};
		CB53E3E1239E4A9D00610BC1 /* Products */ = {
			isa = PBXGroup;
			children = (
				CB53E3E0239E4A9D00610BC1 /* SimpleFactoryPattern */,
			);
			name = Products;
			sourceTree = "<group>";
		};
		CB53E3E2239E4A9D00610BC1 /* SimpleFactoryPattern */ = {
			isa = PBXGroup;
			children = (
				CB53E3E3239E4A9D00610BC1 /* main.m */,
			);
			path = SimpleFactoryPattern;
			sourceTree = "<group>";
		};
		CB53E3F2239E4CED00610BC1 /* Lib */ = {
			isa = PBXGroup;
			children = (
				CB53E3F3239E4CED00610BC1 /* Product.h */,
				CB53E3FA239E4CED00610BC1 /* Factory.h */,
				CB53E3F4239E4CED00610BC1 /* Factory.m */,
				CB53E3F5239E4CED00610BC1 /* Product */,
			);
			path = Lib;
			sourceTree = "<group>";
		};
		CB53E3F5239E4CED00610BC1 /* Product */ = {
			isa = PBXGroup;
			children = (
				CB53E3F9239E4CED00610BC1 /* ConcreteProductA.h */,
				CB53E3F7239E4CED00610BC1 /* ConcreteProductA.m */,
				CB53E3F8239E4CED00610BC1 /* ConcreteProductB.h */,
				CB53E3F6239E4CED00610BC1 /* ConcreteProductB.m */,
			);
			path = Product;
			sourceTree = "<group>";
		};
/* End PBXGroup section */

/* Begin PBXNativeTarget section */
		CB53E3DF239E4A9D00610BC1 /* SimpleFactoryPattern */ = {
			isa = PBXNativeTarget;
			buildConfigurationList = CB53E3E7239E4A9D00610BC1 /* Build configuration list for PBXNativeTarget "SimpleFactoryPattern" */;
			buildPhases = (
				CB53E3DC239E4A9D00610BC1 /* Sources */,
				CB53E3DD239E4A9D00610BC1 /* Frameworks */,
				CB53E3DE239E4A9D00610BC1 /* CopyFiles */,
			);
			buildRules = (
			);
			dependencies = (
			);
			name = SimpleFactoryPattern;
			productName = SimpleFactoryPattern;
			productReference = CB53E3E0239E4A9D00610BC1 /* SimpleFactoryPattern */;
			productType = "com.apple.product-type.tool";
		};
/* End PBXNativeTarget section */

/* Begin PBXProject section */
		CB53E3D8239E4A9D00610BC1 /* Project object */ = {
			isa = PBXProject;
			attributes = {
				LastUpgradeCheck = 1120;
				ORGANIZATIONNAME = lg;
				TargetAttributes = {
					CB53E3DF239E4A9D00610BC1 = {
						CreatedOnToolsVersion = 11.2.1;
					};
				};
			};
			buildConfigurationList = CB53E3DB239E4A9D00610BC1 /* Build configuration list for PBXProject "SimpleFactoryPattern" */;
			compatibilityVersion = "Xcode 9.3";
			developmentRegion = en;
			hasScannedForEncodings = 0;
			knownRegions = (
				en,
				Base,
			);
			mainGroup = CB53E3D7239E4A9D00610BC1;
			productRefGroup = CB53E3E1239E4A9D00610BC1 /* Products */;
			projectDirPath = "";
			projectRoot = "";
			targets = (
				CB53E3DF239E4A9D00610BC1 /* SimpleFactoryPattern */,
			);
		};
/* End PBXProject section */

/* Begin PBXSourcesBuildPhase section */
		CB53E3DC239E4A9D00610BC1 /* Sources */ = {
			isa = PBXSourcesBuildPhase;
			buildActionMask = 2147483647;
			files = (
				CB53E3FB239E4CED00610BC1 /* Factory.m in Sources */,
				CB53E3FC239E4CED00610BC1 /* ConcreteProductB.m in Sources */,
				CB53E3E4239E4A9D00610BC1 /* main.m in Sources */,
				CB53E3FD239E4CED00610BC1 /* ConcreteProductA.m in Sources */,
			);
			runOnlyForDeploymentPostprocessing = 0;
		};
/* End PBXSourcesBuildPhase section */

/* Begin XCBuildConfiguration section */
		CB53E3E5239E4A9D00610BC1 /* Debug */ = {
			isa = XCBuildConfiguration;
			buildSettings = {
				ALWAYS_SEARCH_USER_PATHS = NO;
				CLANG_ANALYZER_NONNULL = YES;
				CLANG_ANALYZER_NUMBER_OBJECT_CONVERSION = YES_AGGRESSIVE;
				CLANG_CXX_LANGUAGE_STANDARD = "gnu++14";
				CLANG_CXX_LIBRARY = "libc++";
				CLANG_ENABLE_MODULES = YES;
				CLANG_ENABLE_OBJC_ARC = YES;
				CLANG_ENABLE_OBJC_WEAK = YES;
				CLANG_WARN_BLOCK_CAPTURE_AUTORELEASING = YES;
				CLANG_WARN_BOOL_CONVERSION = YES;
				CLANG_WARN_COMMA = YES;
				CLANG_WARN_CONSTANT_CONVERSION = YES;
				CLANG_WARN_DEPRECATED_OBJC_IMPLEMENTATIONS = YES;
				CLANG_WARN_DIRECT_OBJC_ISA_USAGE = YES_ERROR;
				CLANG_WARN_DOCUMENTATION_COMMENTS = YES;
				CLANG_WARN_EMPTY_BODY = YES;
				CLANG_WARN_ENUM_CONVERSION = YES;
				CLANG_WARN_INFINITE_RECURSION = YES;
				CLANG_WARN_INT_CONVERSION = YES;
				CLANG_WARN_NON_LITERAL_NULL_CONVERSION = YES;
				CLANG_WARN_OBJC_IMPLICIT_RETAIN_SELF = YES;
				CLANG_WARN_OBJC_LITERAL_CONVERSION = YES;
				CLANG_WARN_OBJC_ROOT_CLASS = YES_ERROR;
				CLANG_WARN_RANGE_LOOP_ANALYSIS = YES;
				CLANG_WARN_STRICT_PROTOTYPES = YES;
				CLANG_WARN_SUSPICIOUS_MOVE = YES;
				CLANG_WARN_UNGUARDED_AVAILABILITY = YES_AGGRESSIVE;
				CLANG_WARN_UNREACHABLE_CODE = YES;
				CLANG_WARN__DUPLICATE_METHOD_MATCH = YES;
				COPY_PHASE_STRIP = NO;
				DEBUG_INFORMATION_FORMAT = dwarf;
				ENABLE_STRICT_OBJC_MSGSEND = YES;
				ENABLE_TESTABILITY = YES;
				GCC_C_LANGUAGE_STANDARD = gnu11;
				GCC_DYNAMIC_NO_PIC = NO;
				GCC_NO_COMMON_BLOCKS = YES;
				GCC_OPTIMIZATION_LEVEL = 0;
				GCC_PREPROCESSOR_DEFINITIONS = (
					"DEBUG=1",
					"$(inherited)",
				);
				GCC_WARN_64_TO_32_BIT_CONVERSION = YES;
				GCC_WARN_ABOUT_RETURN_TYPE = YES_ERROR;
				GCC_WARN_UNDECLARED_SELECTOR = YES;
				GCC_WARN_UNINITIALIZED_AUTOS = YES_AGGRESSIVE;
				GCC_WARN_UNUSED_FUNCTION = YES;
				GCC_WARN_UNUSED_VARIABLE = YES;
				MACOSX_DEPLOYMENT_TARGET = 10.15;
				MTL_ENABLE_DEBUG_INFO = INCLUDE_SOURCE;
				MTL_FAST_MATH = YES;
				ONLY_ACTIVE_ARCH = YES;
				SDKROOT = macosx;
			};
			name = Debug;
		};
		CB53E3E6239E4A9D00610BC1 /* Release */ = {
			isa = XCBuildConfiguration;
			buildSettings = {
				ALWAYS_SEARCH_USER_PATHS = NO;
				CLANG_ANALYZER_NONNULL = YES;
				CLANG_ANALYZER_NUMBER_OBJECT_CONVERSION = YES_AGGRESSIVE;
				CLANG_CXX_LANGUAGE_STANDARD = "gnu++14";
				CLANG_CXX_LIBRARY = "libc++";
				CLANG_ENABLE_MODULES = YES;
				CLANG_ENABLE_OBJC_ARC = YES;
				CLANG_ENABLE_OBJC_WEAK = YES;
				CLANG_WARN_BLOCK_CAPTURE_AUTORELEASING = YES;
				CLANG_WARN_BOOL_CONVERSION = YES;
				CLANG_WARN_COMMA = YES;
				CLANG_WARN_CONSTANT_CONVERSION = YES;
				CLANG_WARN_DEPRECATED_OBJC_IMPLEMENTATIONS = YES;
				CLANG_WARN_DIRECT_OBJC_ISA_USAGE = YES_ERROR;
				CLANG_WARN_DOCUMENTATION_COMMENTS = YES;
				CLANG_WARN_EMPTY_BODY = YES;
				CLANG_WARN_ENUM_CONVERSION = YES;
				CLANG_WARN_INFINITE_RECURSION = YES;
				CLANG_WARN_INT_CONVERSION = YES;
				CLANG_WARN_NON_LITERAL_NULL_CONVERSION = YES;
				CLANG_WARN_OBJC_IMPLICIT_RETAIN_SELF = YES;
				CLANG_WARN_OBJC_LITERAL_CONVERSION = YES;
				CLANG_WARN_OBJC_ROOT_CLASS = YES_ERROR;
				CLANG_WARN_RANGE_LOOP_ANALYSIS = YES;
				CLANG_WARN_STRICT_PROTOTYPES = YES;
				CLANG_WARN_SUSPICIOUS_MOVE = YES;
				CLANG_WARN_UNGUARDED_AVAILABILITY = YES_AGGRESSIVE;
				CLANG_WARN_UNREACHABLE_CODE = YES;
				CLANG_WARN__DUPLICATE_METHOD_MATCH = YES;
				COPY_PHASE_STRIP = NO;
				DEBUG_INFORMATION_FORMAT = "dwarf-with-dsym";
				ENABLE_NS_ASSERTIONS = NO;
				ENABLE_STRICT_OBJC_MSGSEND = YES;
				GCC_C_LANGUAGE_STANDARD = gnu11;
				GCC_NO_COMMON_BLOCKS = YES;
				GCC_WARN_64_TO_32_BIT_CONVERSION = YES;
				GCC_WARN_ABOUT_RETURN_TYPE = YES_ERROR;
				GCC_WARN_UNDECLARED_SELECTOR = YES;
				GCC_WARN_UNINITIALIZED_AUTOS = YES_AGGRESSIVE;
				GCC_WARN_UNUSED_FUNCTION = YES;
				GCC_WARN_UNUSED_VARIABLE = YES;
				MACOSX_DEPLOYMENT_TARGET = 10.15;
				MTL_ENABLE_DEBUG_INFO = NO;
				MTL_FAST_MATH = YES;
				SDKROOT = macosx;
			};
			name = Release;
		};
		CB53E3E8239E4A9D00610BC1 /* Debug */ = {
			isa = XCBuildConfiguration;
			buildSettings = {
				CODE_SIGN_STYLE = Automatic;
				DEVELOPMENT_TEAM = E99MC68PJH;
				ENABLE_HARDENED_RUNTIME = YES;
				PRODUCT_NAME = "$(TARGET_NAME)";
			};
			name = Debug;
		};
		CB53E3E9239E4A9D00610BC1 /* Release */ = {
			isa = XCBuildConfiguration;
			buildSettings = {
				CODE_SIGN_STYLE = Automatic;
				DEVELOPMENT_TEAM = E99MC68PJH;
				ENABLE_HARDENED_RUNTIME = YES;
				PRODUCT_NAME = "$(TARGET_NAME)";
			};
			name = Release;
		};
/* End XCBuildConfiguration section */

/* Begin XCConfigurationList section */
		CB53E3DB239E4A9D00610BC1 /* Build configuration list for PBXProject "SimpleFactoryPattern" */ = {
			isa = XCConfigurationList;
			buildConfigurations = (
				CB53E3E5239E4A9D00610BC1 /* Debug */,
				CB53E3E6239E4A9D00610BC1 /* Release */,
			);
			defaultConfigurationIsVisible = 0;
			defaultConfigurationName = Release;
		};
		CB53E3E7239E4A9D00610BC1 /* Build configuration list for PBXNativeTarget "SimpleFactoryPattern" */ = {
			isa = XCConfigurationList;
			buildConfigurations = (
				CB53E3E8239E4A9D00610BC1 /* Debug */,
				CB53E3E9239E4A9D00610BC1 /* Release */,
			);
			defaultConfigurationIsVisible = 0;
			defaultConfigurationName = Release;
		};
/* End XCConfigurationList section */
	};
	rootObject = CB53E3D8239E4A9D00610BC1 /* Project object */;
}
